{
  "name": "nodepbx",
  "version": "1.0.0",
  "lockfileVersion": 1,
  "requires": true,
  "dependencies": {
    "sip": {
      "version": "0.0.4",
      "resolved": "https://registry.npmjs.org/sip/-/sip-0.0.4.tgz",
      "integrity": "sha512-nXfh1sdXAmj24CyHyPNwNNLtQbXtIVIcZQ4fRleZalGxTHDTHAx7twNblEMLEn//m9x3/A6xSVEKnSEGxbpDVA==",
      "requires": {
        "uws": "8.14.1"
      }
    },
    "uws": {
      "version": "8.14.1",
      "resolved": "https://registry.npmjs.org/uws/-/uws-8.14.1.tgz",
      "integrity": "sha1-3glhnzBfYXTVUWqcaULLEgkEsgs="
    }
  }
}
